
Microsoft Visual Studio Solution File, Format Version 12.00
# Visual Studio Version 17
VisualStudioVersion = 17.7.34024.191
MinimumVisualStudioVersion = 10.0.40219.1
Project("{FAE04EC0-301F-11D3-BF4B-00C04F79EFBC}") = "ornek-1", "ornek-1\ornek-1.csproj", "{8C666999-40C5-45EF-85EC-57662D39AA84}"
EndProject
Global
	GlobalSection(SolutionConfigurationPlatforms) = preSolution
		Debug|Any CPU = Debug|Any CPU
		Release|Any CPU = Release|Any CPU
	EndGlobalSection
	GlobalSection(ProjectConfigurationPlatforms) = postSolution
		{8C666999-40C5-45EF-85EC-57662D39AA84}.Debug|Any CPU.ActiveCfg = Debug|Any CPU
		{8C666999-40C5-45EF-85EC-57662D39AA84}.Debug|Any CPU.Build.0 = Debug|Any CPU
		{8C666999-40C5-45EF-85EC-57662D39AA84}.Release|Any CPU.ActiveCfg = Release|Any CPU
		{8C666999-40C5-45EF-85EC-57662D39AA84}.Release|Any CPU.Build.0 = Release|Any CPU
	EndGlobalSection
	GlobalSection(SolutionProperties) = preSolution
		HideSolutionNode = FALSE
	EndGlobalSection
	GlobalSection(ExtensibilityGlobals) = postSolution
		SolutionGuid = {7C23EB00-AFEB-413A-AA35-13C066BE2D5F}
	EndGlobalSection
EndGlobal
